// !$*UTF8*$!
{
	archiveVersion = 1;
	classes = {
	};
	objectVersion = 55;
	objects = {

/* Begin PBXBuildFile section */
		B90687802772282900D063C4 /* Better_RestApp.swift in Sources */ = {isa = PBXBuildFile; fileRef = B906877F2772282900D063C4 /* Better_RestApp.swift */; };
		B90687822772282900D063C4 /* ContentView.swift in Sources */ = {isa = PBXBuildFile; fileRef = B90687812772282900D063C4 /* ContentView.swift */; };
		B90687842772282B00D063C4 /* Assets.xcassets in Resources */ = {isa = PBXBuildFile; fileRef = B90687832772282B00D063C4 /* Assets.xcassets */; };
		B90687872772282B00D063C4 /* Preview Assets.xcassets in Resources */ = {isa = PBXBuildFile; fileRef = B90687862772282B00D063C4 /* Preview Assets.xcassets */; };
		B90687912772282C00D063C4 /* Better_RestTests.swift in Sources */ = {isa = PBXBuildFile; fileRef = B90687902772282C00D063C4 /* Better_RestTests.swift */; };
		B906879B2772282C00D063C4 /* Better_RestUITests.swift in Sources */ = {isa = PBXBuildFile; fileRef = B906879A2772282C00D063C4 /* Better_RestUITests.swift */; };
		B906879D2772282C00D063C4 /* Better_RestUITestsLaunchTests.swift in Sources */ = {isa = PBXBuildFile; fileRef = B906879C2772282C00D063C4 /* Better_RestUITestsLaunchTests.swift */; };
		B90687AA2772399700D063C4 /* SleepCalculator.mlmodel in Sources */ = {isa = PBXBuildFile; fileRef = B90687A92772399700D063C4 /* SleepCalculator.mlmodel */; };
/* End PBXBuildFile section */

/* Begin PBXContainerItemProxy section */
		B906878D2772282C00D063C4 /* PBXContainerItemProxy */ = {
			isa = PBXContainerItemProxy;
			containerPortal = B90687742772282900D063C4 /* Project object */;
			proxyType = 1;
			remoteGlobalIDString = B906877B2772282900D063C4;
			remoteInfo = "Better Rest";
		};
		B90687972772282C00D063C4 /* PBXContainerItemProxy */ = {
			isa = PBXContainerItemProxy;
			containerPortal = B90687742772282900D063C4 /* Project object */;
			proxyType = 1;
			remoteGlobalIDString = B906877B2772282900D063C4;
			remoteInfo = "Better Rest";
		};
/* End PBXContainerItemProxy section */

/* Begin PBXFileReference section */
		B906877C2772282900D063C4 /* Better Rest.app */ = {isa = PBXFileReference; explicitFileType = wrapper.application; includeInIndex = 0; path = "Better Rest.app"; sourceTree = BUILT_PRODUCTS_DIR; };
		B906877F2772282900D063C4 /* Better_RestApp.swift */ = {isa = PBXFileReference; lastKnownFileType = sourcecode.swift; path = Better_RestApp.swift; sourceTree = "<group>"; };
		B90687812772282900D063C4 /* ContentView.swift */ = {isa = PBXFileReference; lastKnownFileType = sourcecode.swift; path = ContentView.swift; sourceTree = "<group>"; };
		B90687832772282B00D063C4 /* Assets.xcassets */ = {isa = PBXFileReference; lastKnownFileType = folder.assetcatalog; path = Assets.xcassets; sourceTree = "<group>"; };
		B90687862772282B00D063C4 /* Preview Assets.xcassets */ = {isa = PBXFileReference; lastKnownFileType = folder.assetcatalog; path = "Preview Assets.xcassets"; sourceTree = "<group>"; };
		B906878C2772282C00D063C4 /* Better RestTests.xctest */ = {isa = PBXFileReference; explicitFileType = wrapper.cfbundle; includeInIndex = 0; path = "Better RestTests.xctest"; sourceTree = BUILT_PRODUCTS_DIR; };
		B90687902772282C00D063C4 /* Better_RestTests.swift */ = {isa = PBXFileReference; lastKnownFileType = sourcecode.swift; path = Better_RestTests.swift; sourceTree = "<group>"; };
		B90687962772282C00D063C4 /* Better RestUITests.xctest */ = {isa = PBXFileReference; explicitFileType = wrapper.cfbundle; includeInIndex = 0; path = "Better RestUITests.xctest"; sourceTree = BUILT_PRODUCTS_DIR; };
		B906879A2772282C00D063C4 /* Better_RestUITests.swift */ = {isa = PBXFileReference; lastKnownFileType = sourcecode.swift; path = Better_RestUITests.swift; sourceTree = "<group>"; };
		B906879C2772282C00D063C4 /* Better_RestUITestsLaunchTests.swift */ = {isa = PBXFileReference; lastKnownFileType = sourcecode.swift; path = Better_RestUITestsLaunchTests.swift; sourceTree = "<group>"; };
		B90687A92772399700D063C4 /* SleepCalculator.mlmodel */ = {isa = PBXFileReference; lastKnownFileType = file.mlmodel; path = SleepCalculator.mlmodel; sourceTree = "<group>"; };
/* End PBXFileReference section */

/* Begin PBXFrameworksBuildPhase section */
		B90687792772282900D063C4 /* Frameworks */ = {
			isa = PBXFrameworksBuildPhase;
			buildActionMask = 2147483647;
			files = (
			);
			runOnlyForDeploymentPostprocessing = 0;
		};
		B90687892772282C00D063C4 /* Frameworks */ = {
			isa = PBXFrameworksBuildPhase;
			buildActionMask = 2147483647;
			files = (
			);
			runOnlyForDeploymentPostprocessing = 0;
		};
		B90687932772282C00D063C4 /* Frameworks */ = {
			isa = PBXFrameworksBuildPhase;
			buildActionMask = 2147483647;
			files = (
			);
			runOnlyForDeploymentPostprocessing = 0;
		};
/* End PBXFrameworksBuildPhase section */

/* Begin PBXGroup section */
		B90687732772282900D063C4 = {
			isa = PBXGroup;
			children = (
				B906877E2772282900D063C4 /* Better Rest */,
				B906878F2772282C00D063C4 /* Better RestTests */,
				B90687992772282C00D063C4 /* Better RestUITests */,
				B906877D2772282900D063C4 /* Products */,
			);
			sourceTree = "<group>";
		};
		B906877D2772282900D063C4 /* Products */ = {
			isa = PBXGroup;
			children = (
				B906877C2772282900D063C4 /* Better Rest.app */,
				B906878C2772282C00D063C4 /* Better RestTests.xctest */,
				B90687962772282C00D063C4 /* Better RestUITests.xctest */,
			);
			name = Products;
			sourceTree = "<group>";
		};
		B906877E2772282900D063C4 /* Better Rest */ = {
			isa = PBXGroup;
			children = (
				B906877F2772282900D063C4 /* Better_RestApp.swift */,
				B90687812772282900D063C4 /* ContentView.swift */,
				B90687832772282B00D063C4 /* Assets.xcassets */,
				B90687A92772399700D063C4 /* SleepCalculator.mlmodel */,
				B90687852772282B00D063C4 /* Preview Content */,
			);
			path = "Better Rest";
			sourceTree = "<group>";
		};
		B90687852772282B00D063C4 /* Preview Content */ = {
			isa = PBXGroup;
			children = (
				B90687862772282B00D063C4 /* Preview Assets.xcassets */,
			);
			path = "Preview Content";
			sourceTree = "<group>";
		};
		B906878F2772282C00D063C4 /* Better RestTests */ = {
			isa = PBXGroup;
			children = (
				B90687902772282C00D063C4 /* Better_RestTests.swift */,
			);
			path = "Better RestTests";
			sourceTree = "<group>";
		};
		B90687992772282C00D063C4 /* Better RestUITests */ = {
			isa = PBXGroup;
			children = (
				B906879A2772282C00D063C4 /* Better_RestUITests.swift */,
				B906879C2772282C00D063C4 /* Better_RestUITestsLaunchTests.swift */,
			);
			path = "Better RestUITests";
			sourceTree = "<group>";
		};
/* End PBXGroup section */

/* Begin PBXNativeTarget section */
		B906877B2772282900D063C4 /* Better Rest */ = {
			isa = PBXNativeTarget;
			buildConfigurationList = B90687A02772282C00D063C4 /* Build configuration list for PBXNativeTarget "Better Rest" */;
			buildPhases = (
				B90687782772282900D063C4 /* Sources */,
				B90687792772282900D063C4 /* Frameworks */,
				B906877A2772282900D063C4 /* Resources */,
			);
			buildRules = (
			);
			dependencies = (
			);
			name = "Better Rest";
			productName = "Better Rest";
			productReference = B906877C2772282900D063C4 /* Better Rest.app */;
			productType = "com.apple.product-type.application";
		};
		B906878B2772282C00D063C4 /* Better RestTests */ = {
			isa = PBXNativeTarget;
			buildConfigurationList = B90687A32772282C00D063C4 /* Build configuration list for PBXNativeTarget "Better RestTests" */;
			buildPhases = (
				B90687882772282C00D063C4 /* Sources */,
				B90687892772282C00D063C4 /* Frameworks */,
				B906878A2772282C00D063C4 /* Resources */,
			);
			buildRules = (
			);
			dependencies = (
				B906878E2772282C00D063C4 /* PBXTargetDependency */,
			);
			name = "Better RestTests";
			productName = "Better RestTests";
			productReference = B906878C2772282C00D063C4 /* Better RestTests.xctest */;
			productType = "com.apple.product-type.bundle.unit-test";
		};
		B90687952772282C00D063C4 /* Better RestUITests */ = {
			isa = PBXNativeTarget;
			buildConfigurationList = B90687A62772282C00D063C4 /* Build configuration list for PBXNativeTarget "Better RestUITests" */;
			buildPhases = (
				B90687922772282C00D063C4 /* Sources */,
				B90687932772282C00D063C4 /* Frameworks */,
				B90687942772282C00D063C4 /* Resources */,
			);
			buildRules = (
			);
			dependencies = (
				B90687982772282C00D063C4 /* PBXTargetDependency */,
			);
			name = "Better RestUITests";
			productName = "Better RestUITests";
			productReference = B90687962772282C00D063C4 /* Better RestUITests.xctest */;
			productType = "com.apple.product-type.bundle.ui-testing";
		};
/* End PBXNativeTarget section */

/* Begin PBXProject section */
		B90687742772282900D063C4 /* Project object */ = {
			isa = PBXProject;
			attributes = {
				BuildIndependentTargetsInParallel = 1;
				LastSwiftUpdateCheck = 1320;
				LastUpgradeCheck = 1320;
				TargetAttributes = {
					B906877B2772282900D063C4 = {
						CreatedOnToolsVersion = 13.2;
					};
					B906878B2772282C00D063C4 = {
						CreatedOnToolsVersion = 13.2;
						TestTargetID = B906877B2772282900D063C4;
					};
					B90687952772282C00D063C4 = {
						CreatedOnToolsVersion = 13.2;
						TestTargetID = B906877B2772282900D063C4;
					};
				};
			};
			buildConfigurationList = B90687772772282900D063C4 /* Build configuration list for PBXProject "Better Rest" */;
			compatibilityVersion = "Xcode 13.0";
			developmentRegion = en;
			hasScannedForEncodings = 0;
			knownRegions = (
				en,
				Base,
			);
			mainGroup = B90687732772282900D063C4;
			productRefGroup = B906877D2772282900D063C4 /* Products */;
			projectDirPath = "";
			projectRoot = "";
			targets = (
				B906877B2772282900D063C4 /* Better Rest */,
				B906878B2772282C00D063C4 /* Better RestTests */,
				B90687952772282C00D063C4 /* Better RestUITests */,
			);
		};
/* End PBXProject section */

/* Begin PBXResourcesBuildPhase section */
		B906877A2772282900D063C4 /* Resources */ = {
			isa = PBXResourcesBuildPhase;
			buildActionMask = 2147483647;
			files = (
				B90687872772282B00D063C4 /* Preview Assets.xcassets in Resources */,
				B90687842772282B00D063C4 /* Assets.xcassets in Resources */,
			);
			runOnlyForDeploymentPostprocessing = 0;
		};
		B906878A2772282C00D063C4 /* Resources */ = {
			isa = PBXResourcesBuildPhase;
			buildActionMask = 2147483647;
			files = (
			);
			runOnlyForDeploymentPostprocessing = 0;
		};
		B90687942772282C00D063C4 /* Resources */ = {
			isa = PBXResourcesBuildPhase;
			buildActionMask = 2147483647;
			files = (
			);
			runOnlyForDeploymentPostprocessing = 0;
		};
/* End PBXResourcesBuildPhase section */

/* Begin PBXSourcesBuildPhase section */
		B90687782772282900D063C4 /* Sources */ = {
			isa = PBXSourcesBuildPhase;
			buildActionMask = 2147483647;
			files = (
				B90687AA2772399700D063C4 /* SleepCalculator.mlmodel in Sources */,
				B90687822772282900D063C4 /* ContentView.swift in Sources */,
				B90687802772282900D063C4 /* Better_RestApp.swift in Sources */,
			);
			runOnlyForDeploymentPostprocessing = 0;
		};
		B90687882772282C00D063C4 /* Sources */ = {
			isa = PBXSourcesBuildPhase;
			buildActionMask = 2147483647;
			files = (
				B90687912772282C00D063C4 /* Better_RestTests.swift in Sources */,
			);
			runOnlyForDeploymentPostprocessing = 0;
		};
		B90687922772282C00D063C4 /* Sources */ = {
			isa = PBXSourcesBuildPhase;
			buildActionMask = 2147483647;
			files = (
				B906879D2772282C00D063C4 /* Better_RestUITestsLaunchTests.swift in Sources */,
				B906879B2772282C00D063C4 /* Better_RestUITests.swift in Sources */,
			);
			runOnlyForDeploymentPostprocessing = 0;
		};
/* End PBXSourcesBuildPhase section */

/* Begin PBXTargetDependency section */
		B906878E2772282C00D063C4 /* PBXTargetDependency */ = {
			isa = PBXTargetDependency;
			target = B906877B2772282900D063C4 /* Better Rest */;
			targetProxy = B906878D2772282C00D063C4 /* PBXContainerItemProxy */;
		};
		B90687982772282C00D063C4 /* PBXTargetDependency */ = {
			isa = PBXTargetDependency;
			target = B906877B2772282900D063C4 /* Better Rest */;
			targetProxy = B90687972772282C00D063C4 /* PBXContainerItemProxy */;
		};
/* End PBXTargetDependency section */

/* Begin XCBuildConfiguration section */
		B906879E2772282C00D063C4 /* Debug */ = {
			isa = XCBuildConfiguration;
			buildSettings = {
				ALWAYS_SEARCH_USER_PATHS = NO;
				CLANG_ANALYZER_NONNULL = YES;
				CLANG_ANALYZER_NUMBER_OBJECT_CONVERSION = YES_AGGRESSIVE;
				CLANG_CXX_LANGUAGE_STANDARD = "gnu++17";
				CLANG_CXX_LIBRARY = "libc++";
				CLANG_ENABLE_MODULES = YES;
				CLANG_ENABLE_OBJC_ARC = YES;
				CLANG_ENABLE_OBJC_WEAK = YES;
				CLANG_WARN_BLOCK_CAPTURE_AUTORELEASING = YES;
				CLANG_WARN_BOOL_CONVERSION = YES;
				CLANG_WARN_COMMA = YES;
				CLANG_WARN_CONSTANT_CONVERSION = YES;
				CLANG_WARN_DEPRECATED_OBJC_IMPLEMENTATIONS = YES;
				CLANG_WARN_DIRECT_OBJC_ISA_USAGE = YES_ERROR;
				CLANG_WARN_DOCUMENTATION_COMMENTS = YES;
				CLANG_WARN_EMPTY_BODY = YES;
				CLANG_WARN_ENUM_CONVERSION = YES;
				CLANG_WARN_INFINITE_RECURSION = YES;
				CLANG_WARN_INT_CONVERSION = YES;
				CLANG_WARN_NON_LITERAL_NULL_CONVERSION = YES;
				CLANG_WARN_OBJC_IMPLICIT_RETAIN_SELF = YES;
				CLANG_WARN_OBJC_LITERAL_CONVERSION = YES;
				CLANG_WARN_OBJC_ROOT_CLASS = YES_ERROR;
				CLANG_WARN_QUOTED_INCLUDE_IN_FRAMEWORK_HEADER = YES;
				CLANG_WARN_RANGE_LOOP_ANALYSIS = YES;
				CLANG_WARN_STRICT_PROTOTYPES = YES;
				CLANG_WARN_SUSPICIOUS_MOVE = YES;
				CLANG_WARN_UNGUARDED_AVAILABILITY = YES_AGGRESSIVE;
				CLANG_WARN_UNREACHABLE_CODE = YES;
				CLANG_WARN__DUPLICATE_METHOD_MATCH = YES;
				COPY_PHASE_STRIP = NO;
				DEBUG_INFORMATION_FORMAT = dwarf;
				ENABLE_STRICT_OBJC_MSGSEND = YES;
				ENABLE_TESTABILITY = YES;
				GCC_C_LANGUAGE_STANDARD = gnu11;
				GCC_DYNAMIC_NO_PIC = NO;
				GCC_NO_COMMON_BLOCKS = YES;
				GCC_OPTIMIZATION_LEVEL = 0;
				GCC_PREPROCESSOR_DEFINITIONS = (
					"DEBUG=1",
					"$(inherited)",
				);
				GCC_WARN_64_TO_32_BIT_CONVERSION = YES;
				GCC_WARN_ABOUT_RETURN_TYPE = YES_ERROR;
				GCC_WARN_UNDECLARED_SELECTOR = YES;
				GCC_WARN_UNINITIALIZED_AUTOS = YES_AGGRESSIVE;
				GCC_WARN_UNUSED_FUNCTION = YES;
				GCC_WARN_UNUSED_VARIABLE = YES;
				IPHONEOS_DEPLOYMENT_TARGET = 15.2;
				MTL_ENABLE_DEBUG_INFO = INCLUDE_SOURCE;
				MTL_FAST_MATH = YES;
				ONLY_ACTIVE_ARCH = YES;
				SDKROOT = iphoneos;
				SWIFT_ACTIVE_COMPILATION_CONDITIONS = DEBUG;
				SWIFT_OPTIMIZATION_LEVEL = "-Onone";
			};
			name = Debug;
		};
		B906879F2772282C00D063C4 /* Release */ = {
			isa = XCBuildConfiguration;
			buildSettings = {
				ALWAYS_SEARCH_USER_PATHS = NO;
				CLANG_ANALYZER_NONNULL = YES;
				CLANG_ANALYZER_NUMBER_OBJECT_CONVERSION = YES_AGGRESSIVE;
				CLANG_CXX_LANGUAGE_STANDARD = "gnu++17";
				CLANG_CXX_LIBRARY = "libc++";
				CLANG_ENABLE_MODULES = YES;
				CLANG_ENABLE_OBJC_ARC = YES;
				CLANG_ENABLE_OBJC_WEAK = YES;
				CLANG_WARN_BLOCK_CAPTURE_AUTORELEASING = YES;
				CLANG_WARN_BOOL_CONVERSION = YES;
				CLANG_WARN_COMMA = YES;
				CLANG_WARN_CONSTANT_CONVERSION = YES;
				CLANG_WARN_DEPRECATED_OBJC_IMPLEMENTATIONS = YES;
				CLANG_WARN_DIRECT_OBJC_ISA_USAGE = YES_ERROR;
				CLANG_WARN_DOCUMENTATION_COMMENTS = YES;
				CLANG_WARN_EMPTY_BODY = YES;
				CLANG_WARN_ENUM_CONVERSION = YES;
				CLANG_WARN_INFINITE_RECURSION = YES;
				CLANG_WARN_INT_CONVERSION = YES;
				CLANG_WARN_NON_LITERAL_NULL_CONVERSION = YES;
				CLANG_WARN_OBJC_IMPLICIT_RETAIN_SELF = YES;
				CLANG_WARN_OBJC_LITERAL_CONVERSION = YES;
				CLANG_WARN_OBJC_ROOT_CLASS = YES_ERROR;
				CLANG_WARN_QUOTED_INCLUDE_IN_FRAMEWORK_HEADER = YES;
				CLANG_WARN_RANGE_LOOP_ANALYSIS = YES;
				CLANG_WARN_STRICT_PROTOTYPES = YES;
				CLANG_WARN_SUSPICIOUS_MOVE = YES;
				CLANG_WARN_UNGUARDED_AVAILABILITY = YES_AGGRESSIVE;
				CLANG_WARN_UNREACHABLE_CODE = YES;
				CLANG_WARN__DUPLICATE_METHOD_MATCH = YES;
				COPY_PHASE_STRIP = NO;
				DEBUG_INFORMATION_FORMAT = "dwarf-with-dsym";
				ENABLE_NS_ASSERTIONS = NO;
				ENABLE_STRICT_OBJC_MSGSEND = YES;
				GCC_C_LANGUAGE_STANDARD = gnu11;
				GCC_NO_COMMON_BLOCKS = YES;
				GCC_WARN_64_TO_32_BIT_CONVERSION = YES;
				GCC_WARN_ABOUT_RETURN_TYPE = YES_ERROR;
				GCC_WARN_UNDECLARED_SELECTOR = YES;
				GCC_WARN_UNINITIALIZED_AUTOS = YES_AGGRESSIVE;
				GCC_WARN_UNUSED_FUNCTION = YES;
				GCC_WARN_UNUSED_VARIABLE = YES;
				IPHONEOS_DEPLOYMENT_TARGET = 15.2;
				MTL_ENABLE_DEBUG_INFO = NO;
				MTL_FAST_MATH = YES;
				SDKROOT = iphoneos;
				SWIFT_COMPILATION_MODE = wholemodule;
				SWIFT_OPTIMIZATION_LEVEL = "-O";
				VALIDATE_PRODUCT = YES;
			};
			name = Release;
		};
		B90687A12772282C00D063C4 /* Debug */ = {
			isa = XCBuildConfiguration;
			buildSettings = {
				ASSETCATALOG_COMPILER_APPICON_NAME = AppIcon;
				ASSETCATALOG_COMPILER_GLOBAL_ACCENT_COLOR_NAME = AccentColor;
				CODE_SIGN_STYLE = Automatic;
				CURRENT_PROJECT_VERSION = 1;
				DEVELOPMENT_ASSET_PATHS = "\"Better Rest/Preview Content\"";
				DEVELOPMENT_TEAM = 983TY33326;
				ENABLE_PREVIEWS = YES;
				GENERATE_INFOPLIST_FILE = YES;
				INFOPLIST_KEY_UIApplicationSceneManifest_Generation = YES;
				INFOPLIST_KEY_UIApplicationSupportsIndirectInputEvents = YES;
				INFOPLIST_KEY_UILaunchScreen_Generation = YES;
				INFOPLIST_KEY_UISupportedInterfaceOrientations_iPad = "UIInterfaceOrientationPortrait UIInterfaceOrientationPortraitUpsideDown UIInterfaceOrientationLandscapeLeft UIInterfaceOrientationLandscapeRight";
				INFOPLIST_KEY_UISupportedInterfaceOrientations_iPhone = "UIInterfaceOrientationPortrait UIInterfaceOrientationLandscapeLeft UIInterfaceOrientationLandscapeRight";
				LD_RUNPATH_SEARCH_PATHS = (
					"$(inherited)",
					"@executable_path/Frameworks",
				);
				MARKETING_VERSION = 1.0;
				PRODUCT_BUNDLE_IDENTIFIER = "com.JonasJacobs.Better-Rest";
				PRODUCT_NAME = "$(TARGET_NAME)";
				SWIFT_EMIT_LOC_STRINGS = YES;
				SWIFT_VERSION = 5.0;
				TARGETED_DEVICE_FAMILY = "1,2";
			};
			name = Debug;
		};
		B90687A22772282C00D063C4 /* Release */ = {
			isa = XCBuildConfiguration;
			buildSettings = {
				ASSETCATALOG_COMPILER_APPICON_NAME = AppIcon;
				ASSETCATALOG_COMPILER_GLOBAL_ACCENT_COLOR_NAME = AccentColor;
				CODE_SIGN_STYLE = Automatic;
				CURRENT_PROJECT_VERSION = 1;
				DEVELOPMENT_ASSET_PATHS = "\"Better Rest/Preview Content\"";
				DEVELOPMENT_TEAM = 983TY33326;
				ENABLE_PREVIEWS = YES;
				GENERATE_INFOPLIST_FILE = YES;
				INFOPLIST_KEY_UIApplicationSceneManifest_Generation = YES;
				INFOPLIST_KEY_UIApplicationSupportsIndirectInputEvents = YES;
				INFOPLIST_KEY_UILaunchScreen_Generation = YES;
				INFOPLIST_KEY_UISupportedInterfaceOrientations_iPad = "UIInterfaceOrientationPortrait UIInterfaceOrientationPortraitUpsideDown UIInterfaceOrientationLandscapeLeft UIInterfaceOrientationLandscapeRight";
				INFOPLIST_KEY_UISupportedInterfaceOrientations_iPhone = "UIInterfaceOrientationPortrait UIInterfaceOrientationLandscapeLeft UIInterfaceOrientationLandscapeRight";
				LD_RUNPATH_SEARCH_PATHS = (
					"$(inherited)",
					"@executable_path/Frameworks",
				);
				MARKETING_VERSION = 1.0;
				PRODUCT_BUNDLE_IDENTIFIER = "com.JonasJacobs.Better-Rest";
				PRODUCT_NAME = "$(TARGET_NAME)";
				SWIFT_EMIT_LOC_STRINGS = YES;
				SWIFT_VERSION = 5.0;
				TARGETED_DEVICE_FAMILY = "1,2";
			};
			name = Release;
		};
		B90687A42772282C00D063C4 /* Debug */ = {
			isa = XCBuildConfiguration;
			buildSettings = {
				ALWAYS_EMBED_SWIFT_STANDARD_LIBRARIES = YES;
				BUNDLE_LOADER = "$(TEST_HOST)";
				CODE_SIGN_STYLE = Automatic;
				CURRENT_PROJECT_VERSION = 1;
				DEVELOPMENT_TEAM = 983TY33326;
				GENERATE_INFOPLIST_FILE = YES;
				IPHONEOS_DEPLOYMENT_TARGET = 15.2;
				MARKETING_VERSION = 1.0;
				PRODUCT_BUNDLE_IDENTIFIER = "com.JonasJacobs.Better-RestTests";
				PRODUCT_NAME = "$(TARGET_NAME)";
				SWIFT_EMIT_LOC_STRINGS = NO;
				SWIFT_VERSION = 5.0;
				TARGETED_DEVICE_FAMILY = "1,2";
				TEST_HOST = "$(BUILT_PRODUCTS_DIR)/Better Rest.app/Better Rest";
			};
			name = Debug;
		};
		B90687A52772282C00D063C4 /* Release */ = {
			isa = XCBuildConfiguration;
			buildSettings = {
				ALWAYS_EMBED_SWIFT_STANDARD_LIBRARIES = YES;
				BUNDLE_LOADER = "$(TEST_HOST)";
				CODE_SIGN_STYLE = Automatic;
				CURRENT_PROJECT_VERSION = 1;
				DEVELOPMENT_TEAM = 983TY33326;
				GENERATE_INFOPLIST_FILE = YES;
				IPHONEOS_DEPLOYMENT_TARGET = 15.2;
				MARKETING_VERSION = 1.0;
				PRODUCT_BUNDLE_IDENTIFIER = "com.JonasJacobs.Better-RestTests";
				PRODUCT_NAME = "$(TARGET_NAME)";
				SWIFT_EMIT_LOC_STRINGS = NO;
				SWIFT_VERSION = 5.0;
				TARGETED_DEVICE_FAMILY = "1,2";
				TEST_HOST = "$(BUILT_PRODUCTS_DIR)/Better Rest.app/Better Rest";
			};
			name = Release;
		};
		B90687A72772282C00D063C4 /* Debug */ = {
			isa = XCBuildConfiguration;
			buildSettings = {
				ALWAYS_EMBED_SWIFT_STANDARD_LIBRARIES = YES;
				CODE_SIGN_STYLE = Automatic;
				CURRENT_PROJECT_VERSION = 1;
				DEVELOPMENT_TEAM = 983TY33326;
				GENERATE_INFOPLIST_FILE = YES;
				MARKETING_VERSION = 1.0;
				PRODUCT_BUNDLE_IDENTIFIER = "com.JonasJacobs.Better-RestUITests";
				PRODUCT_NAME = "$(TARGET_NAME)";
				SWIFT_EMIT_LOC_STRINGS = NO;
				SWIFT_VERSION = 5.0;
				TARGETED_DEVICE_FAMILY = "1,2";
				TEST_TARGET_NAME = "Better Rest";
			};
			name = Debug;
		};
		B90687A82772282C00D063C4 /* Release */ = {
			isa = XCBuildConfiguration;
			buildSettings = {
				ALWAYS_EMBED_SWIFT_STANDARD_LIBRARIES = YES;
				CODE_SIGN_STYLE = Automatic;
				CURRENT_PROJECT_VERSION = 1;
				DEVELOPMENT_TEAM = 983TY33326;
				GENERATE_INFOPLIST_FILE = YES;
				MARKETING_VERSION = 1.0;
				PRODUCT_BUNDLE_IDENTIFIER = "com.JonasJacobs.Better-RestUITests";
				PRODUCT_NAME = "$(TARGET_NAME)";
				SWIFT_EMIT_LOC_STRINGS = NO;
				SWIFT_VERSION = 5.0;
				TARGETED_DEVICE_FAMILY = "1,2";
				TEST_TARGET_NAME = "Better Rest";
			};
			name = Release;
		};
/* End XCBuildConfiguration section */

/* Begin XCConfigurationList section */
		B90687772772282900D063C4 /* Build configuration list for PBXProject "Better Rest" */ = {
			isa = XCConfigurationList;
			buildConfigurations = (
				B906879E2772282C00D063C4 /* Debug */,
				B906879F2772282C00D063C4 /* Release */,
			);
			defaultConfigurationIsVisible = 0;
			defaultConfigurationName = Release;
		};
		B90687A02772282C00D063C4 /* Build configuration list for PBXNativeTarget "Better Rest" */ = {
			isa = XCConfigurationList;
			buildConfigurations = (
				B90687A12772282C00D063C4 /* Debug */,
				B90687A22772282C00D063C4 /* Release */,
			);
			defaultConfigurationIsVisible = 0;
			defaultConfigurationName = Release;
		};
		B90687A32772282C00D063C4 /* Build configuration list for PBXNativeTarget "Better RestTests" */ = {
			isa = XCConfigurationList;
			buildConfigurations = (
				B90687A42772282C00D063C4 /* Debug */,
				B90687A52772282C00D063C4 /* Release */,
			);
			defaultConfigurationIsVisible = 0;
			defaultConfigurationName = Release;
		};
		B90687A62772282C00D063C4 /* Build configuration list for PBXNativeTarget "Better RestUITests" */ = {
			isa = XCConfigurationList;
			buildConfigurations = (
				B90687A72772282C00D063C4 /* Debug */,
				B90687A82772282C00D063C4 /* Release */,
			);
			defaultConfigurationIsVisible = 0;
			defaultConfigurationName = Release;
		};
/* End XCConfigurationList section */
	};
	rootObject = B90687742772282900D063C4 /* Project object */;
}
